
Microsoft Visual Studio Solution File, Format Version 12.00
# Visual Studio Version 17
VisualStudioVersion = 17.4.33213.308
MinimumVisualStudioVersion = 10.0.40219.1
Project("{FAE04EC0-301F-11D3-BF4B-00C04F79EFBC}") = "UserService.API", "UserService.API\UserService.API.csproj", "{D0A524E5-2111-440A-84B4-38B9DD62110B}"
EndProject
Project("{FAE04EC0-301F-11D3-BF4B-00C04F79EFBC}") = "PublishService.API", "PublishService.API\PublishService.API.csproj", "{C2939C9D-8A88-4740-881A-F2C96B6F99CE}"
EndProject
Global
	GlobalSection(SolutionConfigurationPlatforms) = preSolution
		Debug|Any CPU = Debug|Any CPU
		Release|Any CPU = Release|Any CPU
	EndGlobalSection
	GlobalSection(ProjectConfigurationPlatforms) = postSolution
		{D0A524E5-2111-440A-84B4-38B9DD62110B}.Debug|Any CPU.ActiveCfg = Debug|Any CPU
		{D0A524E5-2111-440A-84B4-38B9DD62110B}.Debug|Any CPU.Build.0 = Debug|Any CPU
		{D0A524E5-2111-440A-84B4-38B9DD62110B}.Release|Any CPU.ActiveCfg = Release|Any CPU
		{D0A524E5-2111-440A-84B4-38B9DD62110B}.Release|Any CPU.Build.0 = Release|Any CPU
		{C2939C9D-8A88-4740-881A-F2C96B6F99CE}.Debug|Any CPU.ActiveCfg = Debug|Any CPU
		{C2939C9D-8A88-4740-881A-F2C96B6F99CE}.Debug|Any CPU.Build.0 = Debug|Any CPU
		{C2939C9D-8A88-4740-881A-F2C96B6F99CE}.Release|Any CPU.ActiveCfg = Release|Any CPU
		{C2939C9D-8A88-4740-881A-F2C96B6F99CE}.Release|Any CPU.Build.0 = Release|Any CPU
	EndGlobalSection
	GlobalSection(SolutionProperties) = preSolution
		HideSolutionNode = FALSE
	EndGlobalSection
	GlobalSection(ExtensibilityGlobals) = postSolution
		SolutionGuid = {7D84FC26-9D27-4C41-8150-3D08354271CF}
	EndGlobalSection
EndGlobal
